<?xml version="1.0" encoding="utf-8"?>
<Project ToolsVersion="4.0" xmlns="http://schemas.microsoft.com/developer/msbuild/2003">
  <ItemGroup>
    <Filter Include="Source Files">
      <UniqueIdentifier>{6f6769c3-5694-46e7-8ada-fbca7a3c872f}</UniqueIdentifier>
      <Extensions>cpp;c;cxx;def;odl;idl;hpj;bat;asm</Extensions>
    </Filter>
    <Filter Include="Header Files">
      <UniqueIdentifier>{b2aecf76-5e8b-4673-9a5e-713b94be934a}</UniqueIdentifier>
      <Extensions>h;hpp;hxx;hm;inl;inc</Extensions>
    </Filter>
    <Filter Include="Resource Files">
      <UniqueIdentifier>{f0600afd-6e08-48b7-9c2e-2b2f9b58b6f6}</UniqueIdentifier>
    </Filter>
  </ItemGroup>
  <ItemGroup>
    <ClCompile Include="Bitmap.cpp">
      <Filter>Source Files</Filter>
    </ClCompile>
    <ClCompile Include="GameEngine.cpp">
      <Filter>Source Files</Filter>
    </ClCompile>
    <ClCompile Include="Sprite.cpp">
      <Filter>Source Files</Filter>
    </ClCompile>
    <ClCompile Include="GHC.cpp">
      <Filter>Source Files</Filter>
    </ClCompile>
    <ClCompile Include="Scene.cpp">
      <Filter>Source Files</Filter>
    </ClCompile>
    <ClCompile Include="GameObject.cpp">
      <Filter>Source Files</Filter>
    </ClCompile>
    <ClCompile Include="Character.cpp">
      <Filter>Source Files</Filter>
    </ClCompile>
    <ClCompile Include="SimpleAI.cpp">
      <Filter>Source Files</Filter>
    </ClCompile>
    <ClCompile Include="SpellCaster.cpp">
      <Filter>Source Files</Filter>
    </ClCompile>
    <ClCompile Include="PlayerCharacter.cpp">
      <Filter>Source Files</Filter>
    </ClCompile>
    <ClCompile Include="Spell.cpp">
      <Filter>Source Files</Filter>
    </ClCompile>
    <ClCompile Include="FireBurst.cpp">
      <Filter>Source Files</Filter>
    </ClCompile>
    <ClCompile Include="Demon.cpp">
      <Filter>Source Files</Filter>
    </ClCompile>
    <ClCompile Include="Tile.cpp">
      <Filter>Source Files</Filter>
    </ClCompile>
  </ItemGroup>
  <ItemGroup>
    <ClInclude Include="Bitmap.h">
      <Filter>Header Files</Filter>
    </ClInclude>
    <ClInclude Include="GameEngine.h">
      <Filter>Header Files</Filter>
    </ClInclude>
    <ClInclude Include="Sprite.h">
      <Filter>Header Files</Filter>
    </ClInclude>
    <ClInclude Include="GHC.h">
      <Filter>Header Files</Filter>
    </ClInclude>
    <ClInclude Include="Scene.h">
      <Filter>Header Files</Filter>
    </ClInclude>
    <ClInclude Include="GameObject.h">
      <Filter>Header Files</Filter>
    </ClInclude>
    <ClInclude Include="Character.h">
      <Filter>Header Files</Filter>
    </ClInclude>
    <ClInclude Include="SimpleAI.h">
      <Filter>Header Files</Filter>
    </ClInclude>
    <ClInclude Include="SpellCaster.h">
      <Filter>Header Files</Filter>
    </ClInclude>
    <ClInclude Include="PlayerCharacter.h">
      <Filter>Header Files</Filter>
    </ClInclude>
    <ClInclude Include="Spell.h">
      <Filter>Header Files</Filter>
    </ClInclude>
    <ClInclude Include="FireBurst.h">
      <Filter>Header Files</Filter>
    </ClInclude>
    <ClInclude Include="Demon.h">
      <Filter>Header Files</Filter>
    </ClInclude>
    <ClInclude Include="Tile.h">
      <Filter>Header Files</Filter>
    </ClInclude>
    <ClInclude Include="Resources.h">
      <Filter>Header Files</Filter>
    </ClInclude>
  </ItemGroup>
  <ItemGroup>
    <Image Include="resources\character_attack.bmp">
      <Filter>Resource Files</Filter>
    </Image>
    <Image Include="resources\character_attack_l.bmp">
      <Filter>Resource Files</Filter>
    </Image>
    <Image Include="resources\character_fire_burst.bmp">
      <Filter>Resource Files</Filter>
    </Image>
    <Image Include="resources\character_fire_burst_l.bmp">
      <Filter>Resource Files</Filter>
    </Image>
    <Image Include="resources\character_idle.bmp">
      <Filter>Resource Files</Filter>
    </Image>
    <Image Include="resources\character_jump.bmp">
      <Filter>Resource Files</Filter>
    </Image>
    <Image Include="resources\character_jump_l.bmp">
      <Filter>Resource Files</Filter>
    </Image>
    <Image Include="resources\character_run.bmp">
      <Filter>Resource Files</Filter>
    </Image>
    <Image Include="resources\character_run_l.bmp">
      <Filter>Resource Files</Filter>
    </Image>
    <Image Include="resources\demon_attack.bmp">
      <Filter>Resource Files</Filter>
    </Image>
    <Image Include="resources\demon_attack_l.bmp">
      <Filter>Resource Files</Filter>
    </Image>
    <Image Include="resources\demon_attack_s.bmp">
      <Filter>Resource Files</Filter>
    </Image>
    <Image Include="resources\demon_death.bmp">
      <Filter>Resource Files</Filter>
    </Image>
    <Image Include="resources\demon_death_l.bmp">
      <Filter>Resource Files</Filter>
    </Image>
    <Image Include="resources\demon_walk.bmp">
      <Filter>Resource Files</Filter>
    </Image>
    <Image Include="resources\demon_walk_l.bmp">
      <Filter>Resource Files</Filter>
    </Image>
    <Image Include="resources\fire_burst.bmp">
      <Filter>Resource Files</Filter>
    </Image>
    <Image Include="resources\fire_burst_l.bmp">
      <Filter>Resource Files</Filter>
    </Image>
    <Image Include="resources\ground.bmp">
      <Filter>Resource Files</Filter>
    </Image>
    <Image Include="resources\spell.bmp">
      <Filter>Resource Files</Filter>
    </Image>
    <Image Include="resources\tile1.bmp">
      <Filter>Resource Files</Filter>
    </Image>
    <Image Include="resources\tile2.bmp">
      <Filter>Resource Files</Filter>
    </Image>
    <Image Include="resources\wizard_death.bmp">
      <Filter>Resource Files</Filter>
    </Image>
    <Image Include="resources\wizard_death_l.bmp">
      <Filter>Resource Files</Filter>
    </Image>
    <Image Include="resources\wizard_idle.bmp">
      <Filter>Resource Files</Filter>
    </Image>
    <Image Include="resources\wizard_idle_l.bmp">
      <Filter>Resource Files</Filter>
    </Image>
    <Image Include="resources\bg\1.bmp">
      <Filter>Resource Files</Filter>
    </Image>
    <Image Include="resources\bg\2.bmp">
      <Filter>Resource Files</Filter>
    </Image>
    <Image Include="resources\bg\3.bmp">
      <Filter>Resource Files</Filter>
    </Image>
    <Image Include="resources\bg\4.bmp">
      <Filter>Resource Files</Filter>
    </Image>
    <Image Include="resources\bg\5.bmp">
      <Filter>Resource Files</Filter>
    </Image>
  </ItemGroup>
  <ItemGroup>
    <ResourceCompile Include="GHC.rc">
      <Filter>Resource Files</Filter>
    </ResourceCompile>
  </ItemGroup>
</Project>